// !$*UTF8*$!
{
	archiveVersion = 1;
	classes = {
	};
	objectVersion = 46;
	objects = {

/* Begin PBXBuildFile section */
		1C81CA12199DE24000F20A06 /* Foundation.framework in Frameworks */ = {isa = PBXBuildFile; fileRef = 1C81CA11199DE24000F20A06 /* Foundation.framework */; };
		1C81CA14199DE24000F20A06 /* CoreGraphics.framework in Frameworks */ = {isa = PBXBuildFile; fileRef = 1C81CA13199DE24000F20A06 /* CoreGraphics.framework */; };
		1C81CA16199DE24000F20A06 /* UIKit.framework in Frameworks */ = {isa = PBXBuildFile; fileRef = 1C81CA15199DE24000F20A06 /* UIKit.framework */; };
		1C81CA1C199DE24000F20A06 /* InfoPlist.strings in Resources */ = {isa = PBXBuildFile; fileRef = 1C81CA1A199DE24000F20A06 /* InfoPlist.strings */; };
		1C81CA1E199DE24000F20A06 /* main.m in Sources */ = {isa = PBXBuildFile; fileRef = 1C81CA1D199DE24000F20A06 /* main.m */; };
		1C81CA22199DE24000F20A06 /* CCAppDelegate.m in Sources */ = {isa = PBXBuildFile; fileRef = 1C81CA21199DE24000F20A06 /* CCAppDelegate.m */; };
		1C81CA25199DE24000F20A06 /* Main.storyboard in Resources */ = {isa = PBXBuildFile; fileRef = 1C81CA23199DE24000F20A06 /* Main.storyboard */; };
		1C81CA28199DE24000F20A06 /* CCViewController.m in Sources */ = {isa = PBXBuildFile; fileRef = 1C81CA27199DE24000F20A06 /* CCViewController.m */; };
		1C81CA2A199DE24000F20A06 /* Images.xcassets in Resources */ = {isa = PBXBuildFile; fileRef = 1C81CA29199DE24000F20A06 /* Images.xcassets */; };
		1C81CA31199DE24000F20A06 /* XCTest.framework in Frameworks */ = {isa = PBXBuildFile; fileRef = 1C81CA30199DE24000F20A06 /* XCTest.framework */; };
		1C81CA32199DE24100F20A06 /* Foundation.framework in Frameworks */ = {isa = PBXBuildFile; fileRef = 1C81CA11199DE24000F20A06 /* Foundation.framework */; };
		1C81CA33199DE24100F20A06 /* UIKit.framework in Frameworks */ = {isa = PBXBuildFile; fileRef = 1C81CA15199DE24000F20A06 /* UIKit.framework */; };
		1C81CA3B199DE24100F20A06 /* InfoPlist.strings in Resources */ = {isa = PBXBuildFile; fileRef = 1C81CA39199DE24100F20A06 /* InfoPlist.strings */; };
		1C81CA3D199DE24100F20A06 /* TestDemoTests.m in Sources */ = {isa = PBXBuildFile; fileRef = 1C81CA3C199DE24100F20A06 /* TestDemoTests.m */; };
		5367E592EF674E1ABAD61CBA /* libPods.a in Frameworks */ = {isa = PBXBuildFile; fileRef = F95C8D5D0571408B8DF540A5 /* libPods.a */; };
/* End PBXBuildFile section */

/* Begin PBXContainerItemProxy section */
		1C81CA34199DE24100F20A06 /* PBXContainerItemProxy */ = {
			isa = PBXContainerItemProxy;
			containerPortal = 1C81CA06199DE24000F20A06 /* Project object */;
			proxyType = 1;
			remoteGlobalIDString = 1C81CA0D199DE24000F20A06;
			remoteInfo = TestDemo;
		};
/* End PBXContainerItemProxy section */

/* Begin PBXFileReference section */
		1C81CA0E199DE24000F20A06 /* TestDemo.app */ = {isa = PBXFileReference; explicitFileType = wrapper.application; includeInIndex = 0; path = TestDemo.app; sourceTree = BUILT_PRODUCTS_DIR; };
		1C81CA11199DE24000F20A06 /* Foundation.framework */ = {isa = PBXFileReference; lastKnownFileType = wrapper.framework; name = Foundation.framework; path = System/Library/Frameworks/Foundation.framework; sourceTree = SDKROOT; };
		1C81CA13199DE24000F20A06 /* CoreGraphics.framework */ = {isa = PBXFileReference; lastKnownFileType = wrapper.framework; name = CoreGraphics.framework; path = System/Library/Frameworks/CoreGraphics.framework; sourceTree = SDKROOT; };
		1C81CA15199DE24000F20A06 /* UIKit.framework */ = {isa = PBXFileReference; lastKnownFileType = wrapper.framework; name = UIKit.framework; path = System/Library/Frameworks/UIKit.framework; sourceTree = SDKROOT; };
		1C81CA19199DE24000F20A06 /* TestDemo-Info.plist */ = {isa = PBXFileReference; lastKnownFileType = text.plist.xml; path = "TestDemo-Info.plist"; sourceTree = "<group>"; };
		1C81CA1B199DE24000F20A06 /* en */ = {isa = PBXFileReference; lastKnownFileType = text.plist.strings; name = en; path = en.lproj/InfoPlist.strings; sourceTree = "<group>"; };
		1C81CA1D199DE24000F20A06 /* main.m */ = {isa = PBXFileReference; lastKnownFileType = sourcecode.c.objc; path = main.m; sourceTree = "<group>"; };
		1C81CA1F199DE24000F20A06 /* TestDemo-Prefix.pch */ = {isa = PBXFileReference; lastKnownFileType = sourcecode.c.h; path = "TestDemo-Prefix.pch"; sourceTree = "<group>"; };
		1C81CA20199DE24000F20A06 /* CCAppDelegate.h */ = {isa = PBXFileReference; lastKnownFileType = sourcecode.c.h; path = CCAppDelegate.h; sourceTree = "<group>"; };
		1C81CA21199DE24000F20A06 /* CCAppDelegate.m */ = {isa = PBXFileReference; lastKnownFileType = sourcecode.c.objc; path = CCAppDelegate.m; sourceTree = "<group>"; };
		1C81CA24199DE24000F20A06 /* Base */ = {isa = PBXFileReference; lastKnownFileType = file.storyboard; name = Base; path = Base.lproj/Main.storyboard; sourceTree = "<group>"; };
		1C81CA26199DE24000F20A06 /* CCViewController.h */ = {isa = PBXFileReference; lastKnownFileType = sourcecode.c.h; path = CCViewController.h; sourceTree = "<group>"; };
		1C81CA27199DE24000F20A06 /* CCViewController.m */ = {isa = PBXFileReference; lastKnownFileType = sourcecode.c.objc; path = CCViewController.m; sourceTree = "<group>"; };
		1C81CA29199DE24000F20A06 /* Images.xcassets */ = {isa = PBXFileReference; lastKnownFileType = folder.assetcatalog; path = Images.xcassets; sourceTree = "<group>"; };
		1C81CA2F199DE24000F20A06 /* TestDemoTests.xctest */ = {isa = PBXFileReference; explicitFileType = wrapper.cfbundle; includeInIndex = 0; path = TestDemoTests.xctest; sourceTree = BUILT_PRODUCTS_DIR; };
		1C81CA30199DE24000F20A06 /* XCTest.framework */ = {isa = PBXFileReference; lastKnownFileType = wrapper.framework; name = XCTest.framework; path = Library/Frameworks/XCTest.framework; sourceTree = DEVELOPER_DIR; };
		1C81CA38199DE24100F20A06 /* TestDemoTests-Info.plist */ = {isa = PBXFileReference; lastKnownFileType = text.plist.xml; path = "TestDemoTests-Info.plist"; sourceTree = "<group>"; };
		1C81CA3A199DE24100F20A06 /* en */ = {isa = PBXFileReference; lastKnownFileType = text.plist.strings; name = en; path = en.lproj/InfoPlist.strings; sourceTree = "<group>"; };
		1C81CA3C199DE24100F20A06 /* TestDemoTests.m */ = {isa = PBXFileReference; lastKnownFileType = sourcecode.c.objc; path = TestDemoTests.m; sourceTree = "<group>"; };
		34617081A13544A7A9E8B376 /* Pods.xcconfig */ = {isa = PBXFileReference; includeInIndex = 1; lastKnownFileType = text.xcconfig; name = Pods.xcconfig; path = Pods/Pods.xcconfig; sourceTree = "<group>"; };
		F95C8D5D0571408B8DF540A5 /* libPods.a */ = {isa = PBXFileReference; explicitFileType = archive.ar; includeInIndex = 0; path = libPods.a; sourceTree = BUILT_PRODUCTS_DIR; };
/* End PBXFileReference section */

/* Begin PBXFrameworksBuildPhase section */
		1C81CA0B199DE24000F20A06 /* Frameworks */ = {
			isa = PBXFrameworksBuildPhase;
			buildActionMask = 2147483647;
			files = (
				1C81CA14199DE24000F20A06 /* CoreGraphics.framework in Frameworks */,
				1C81CA16199DE24000F20A06 /* UIKit.framework in Frameworks */,
				1C81CA12199DE24000F20A06 /* Foundation.framework in Frameworks */,
				5367E592EF674E1ABAD61CBA /* libPods.a in Frameworks */,
			);
			runOnlyForDeploymentPostprocessing = 0;
		};
		1C81CA2C199DE24000F20A06 /* Frameworks */ = {
			isa = PBXFrameworksBuildPhase;
			buildActionMask = 2147483647;
			files = (
				1C81CA31199DE24000F20A06 /* XCTest.framework in Frameworks */,
				1C81CA33199DE24100F20A06 /* UIKit.framework in Frameworks */,
				1C81CA32199DE24100F20A06 /* Foundation.framework in Frameworks */,
			);
			runOnlyForDeploymentPostprocessing = 0;
		};
/* End PBXFrameworksBuildPhase section */

/* Begin PBXGroup section */
		1C81CA05199DE24000F20A06 = {
			isa = PBXGroup;
			children = (
				1C81CA17199DE24000F20A06 /* TestDemo */,
				1C81CA36199DE24100F20A06 /* TestDemoTests */,
				1C81CA10199DE24000F20A06 /* Frameworks */,
				1C81CA0F199DE24000F20A06 /* Products */,
				34617081A13544A7A9E8B376 /* Pods.xcconfig */,
			);
			sourceTree = "<group>";
		};
		1C81CA0F199DE24000F20A06 /* Products */ = {
			isa = PBXGroup;
			children = (
				1C81CA0E199DE24000F20A06 /* TestDemo.app */,
				1C81CA2F199DE24000F20A06 /* TestDemoTests.xctest */,
			);
			name = Products;
			sourceTree = "<group>";
		};
		1C81CA10199DE24000F20A06 /* Frameworks */ = {
			isa = PBXGroup;
			children = (
				1C81CA11199DE24000F20A06 /* Foundation.framework */,
				1C81CA13199DE24000F20A06 /* CoreGraphics.framework */,
				1C81CA15199DE24000F20A06 /* UIKit.framework */,
				1C81CA30199DE24000F20A06 /* XCTest.framework */,
				F95C8D5D0571408B8DF540A5 /* libPods.a */,
			);
			name = Frameworks;
			sourceTree = "<group>";
		};
		1C81CA17199DE24000F20A06 /* TestDemo */ = {
			isa = PBXGroup;
			children = (
				1C81CA20199DE24000F20A06 /* CCAppDelegate.h */,
				1C81CA21199DE24000F20A06 /* CCAppDelegate.m */,
				1C81CA26199DE24000F20A06 /* CCViewController.h */,
				1C81CA27199DE24000F20A06 /* CCViewController.m */,
				1C81CA23199DE24000F20A06 /* Main.storyboard */,
				1C81CA29199DE24000F20A06 /* Images.xcassets */,
				1C81CA18199DE24000F20A06 /* Supporting Files */,
			);
			path = TestDemo;
			sourceTree = "<group>";
		};
		1C81CA18199DE24000F20A06 /* Supporting Files */ = {
			isa = PBXGroup;
			children = (
				1C81CA19199DE24000F20A06 /* TestDemo-Info.plist */,
				1C81CA1A199DE24000F20A06 /* InfoPlist.strings */,
				1C81CA1D199DE24000F20A06 /* main.m */,
				1C81CA1F199DE24000F20A06 /* TestDemo-Prefix.pch */,
			);
			name = "Supporting Files";
			sourceTree = "<group>";
		};
		1C81CA36199DE24100F20A06 /* TestDemoTests */ = {
			isa = PBXGroup;
			children = (
				1C81CA3C199DE24100F20A06 /* TestDemoTests.m */,
				1C81CA37199DE24100F20A06 /* Supporting Files */,
			);
			path = TestDemoTests;
			sourceTree = "<group>";
		};
		1C81CA37199DE24100F20A06 /* Supporting Files */ = {
			isa = PBXGroup;
			children = (
				1C81CA38199DE24100F20A06 /* TestDemoTests-Info.plist */,
				1C81CA39199DE24100F20A06 /* InfoPlist.strings */,
			);
			name = "Supporting Files";
			sourceTree = "<group>";
		};
/* End PBXGroup section */

/* Begin PBXNativeTarget section */
		1C81CA0D199DE24000F20A06 /* TestDemo */ = {
			isa = PBXNativeTarget;
			buildConfigurationList = 1C81CA40199DE24100F20A06 /* Build configuration list for PBXNativeTarget "TestDemo" */;
			buildPhases = (
				73386A32860F4505AEE1DBB0 /* Check Pods Manifest.lock */,
				1C81CA0A199DE24000F20A06 /* Sources */,
				1C81CA0B199DE24000F20A06 /* Frameworks */,
				1C81CA0C199DE24000F20A06 /* Resources */,
				7B11B8451E1A436BB72A5A01 /* Copy Pods Resources */,
			);
			buildRules = (
			);
			dependencies = (
			);
			name = TestDemo;
			productName = TestDemo;
			productReference = 1C81CA0E199DE24000F20A06 /* TestDemo.app */;
			productType = "com.apple.product-type.application";
		};
		1C81CA2E199DE24000F20A06 /* TestDemoTests */ = {
			isa = PBXNativeTarget;
			buildConfigurationList = 1C81CA43199DE24100F20A06 /* Build configuration list for PBXNativeTarget "TestDemoTests" */;
			buildPhases = (
				1C81CA2B199DE24000F20A06 /* Sources */,
				1C81CA2C199DE24000F20A06 /* Frameworks */,
				1C81CA2D199DE24000F20A06 /* Resources */,
			);
			buildRules = (
			);
			dependencies = (
				1C81CA35199DE24100F20A06 /* PBXTargetDependency */,
			);
			name = TestDemoTests;
			productName = TestDemoTests;
			productReference = 1C81CA2F199DE24000F20A06 /* TestDemoTests.xctest */;
			productType = "com.apple.product-type.bundle.unit-test";
		};
/* End PBXNativeTarget section */

/* Begin PBXProject section */
		1C81CA06199DE24000F20A06 /* Project object */ = {
			isa = PBXProject;
			attributes = {
				CLASSPREFIX = CC;
				LastUpgradeCheck = 0510;
				ORGANIZATIONNAME = www.heyuan110.com;
				TargetAttributes = {
					1C81CA2E199DE24000F20A06 = {
						TestTargetID = 1C81CA0D199DE24000F20A06;
					};
				};
			};
			buildConfigurationList = 1C81CA09199DE24000F20A06 /* Build configuration list for PBXProject "TestDemo" */;
			compatibilityVersion = "Xcode 3.2";
			developmentRegion = English;
			hasScannedForEncodings = 0;
			knownRegions = (
				en,
				Base,
			);
			mainGroup = 1C81CA05199DE24000F20A06;
			productRefGroup = 1C81CA0F199DE24000F20A06 /* Products */;
			projectDirPath = "";
			projectRoot = "";
			targets = (
				1C81CA0D199DE24000F20A06 /* TestDemo */,
				1C81CA2E199DE24000F20A06 /* TestDemoTests */,
			);
		};
/* End PBXProject section */

/* Begin PBXResourcesBuildPhase section */
		1C81CA0C199DE24000F20A06 /* Resources */ = {
			isa = PBXResourcesBuildPhase;
			buildActionMask = 2147483647;
			files = (
				1C81CA2A199DE24000F20A06 /* Images.xcassets in Resources */,
				1C81CA1C199DE24000F20A06 /* InfoPlist.strings in Resources */,
				1C81CA25199DE24000F20A06 /* Main.storyboard in Resources */,
			);
			runOnlyForDeploymentPostprocessing = 0;
		};
		1C81CA2D199DE24000F20A06 /* Resources */ = {
			isa = PBXResourcesBuildPhase;
			buildActionMask = 2147483647;
			files = (
				1C81CA3B199DE24100F20A06 /* InfoPlist.strings in Resources */,
			);
			runOnlyForDeploymentPostprocessing = 0;
		};
/* End PBXResourcesBuildPhase section */

/* Begin PBXShellScriptBuildPhase section */
		73386A32860F4505AEE1DBB0 /* Check Pods Manifest.lock */ = {
			isa = PBXShellScriptBuildPhase;
			buildActionMask = 2147483647;
			files = (
			);
			inputPaths = (
			);
			name = "Check Pods Manifest.lock";
			outputPaths = (
			);
			runOnlyForDeploymentPostprocessing = 0;
			shellPath = /bin/sh;
			shellScript = "diff \"${PODS_ROOT}/../Podfile.lock\" \"${PODS_ROOT}/Manifest.lock\" > /dev/null\nif [[ $? != 0 ]] ; then\n    cat << EOM\nerror: The sandbox is not in sync with the Podfile.lock. Run 'pod install' or update your CocoaPods installation.\nEOM\n    exit 1\nfi\n";
			showEnvVarsInLog = 0;
		};
		7B11B8451E1A436BB72A5A01 /* Copy Pods Resources */ = {
			isa = PBXShellScriptBuildPhase;
			buildActionMask = 2147483647;
			files = (
			);
			inputPaths = (
			);
			name = "Copy Pods Resources";
			outputPaths = (
			);
			runOnlyForDeploymentPostprocessing = 0;
			shellPath = /bin/sh;
			shellScript = "\"${SRCROOT}/Pods/Pods-resources.sh\"\n";
			showEnvVarsInLog = 0;
		};
/* End PBXShellScriptBuildPhase section */

/* Begin PBXSourcesBuildPhase section */
		1C81CA0A199DE24000F20A06 /* Sources */ = {
			isa = PBXSourcesBuildPhase;
			buildActionMask = 2147483647;
			files = (
				1C81CA22199DE24000F20A06 /* CCAppDelegate.m in Sources */,
				1C81CA1E199DE24000F20A06 /* main.m in Sources */,
				1C81CA28199DE24000F20A06 /* CCViewController.m in Sources */,
			);
			runOnlyForDeploymentPostprocessing = 0;
		};
		1C81CA2B199DE24000F20A06 /* Sources */ = {
			isa = PBXSourcesBuildPhase;
			buildActionMask = 2147483647;
			files = (
				1C81CA3D199DE24100F20A06 /* TestDemoTests.m in Sources */,
			);
			runOnlyForDeploymentPostprocessing = 0;
		};
/* End PBXSourcesBuildPhase section */

/* Begin PBXTargetDependency section */
		1C81CA35199DE24100F20A06 /* PBXTargetDependency */ = {
			isa = PBXTargetDependency;
			target = 1C81CA0D199DE24000F20A06 /* TestDemo */;
			targetProxy = 1C81CA34199DE24100F20A06 /* PBXContainerItemProxy */;
		};
/* End PBXTargetDependency section */

/* Begin PBXVariantGroup section */
		1C81CA1A199DE24000F20A06 /* InfoPlist.strings */ = {
			isa = PBXVariantGroup;
			children = (
				1C81CA1B199DE24000F20A06 /* en */,
			);
			name = InfoPlist.strings;
			sourceTree = "<group>";
		};
		1C81CA23199DE24000F20A06 /* Main.storyboard */ = {
			isa = PBXVariantGroup;
			children = (
				1C81CA24199DE24000F20A06 /* Base */,
			);
			name = Main.storyboard;
			sourceTree = "<group>";
		};
		1C81CA39199DE24100F20A06 /* InfoPlist.strings */ = {
			isa = PBXVariantGroup;
			children = (
				1C81CA3A199DE24100F20A06 /* en */,
			);
			name = InfoPlist.strings;
			sourceTree = "<group>";
		};
/* End PBXVariantGroup section */

/* Begin XCBuildConfiguration section */
		1C81CA3E199DE24100F20A06 /* Debug */ = {
			isa = XCBuildConfiguration;
			buildSettings = {
				ALWAYS_SEARCH_USER_PATHS = NO;
				CLANG_CXX_LANGUAGE_STANDARD = "gnu++0x";
				CLANG_CXX_LIBRARY = "libc++";
				CLANG_ENABLE_MODULES = YES;
				CLANG_ENABLE_OBJC_ARC = YES;
				CLANG_WARN_BOOL_CONVERSION = YES;
				CLANG_WARN_CONSTANT_CONVERSION = YES;
				CLANG_WARN_DIRECT_OBJC_ISA_USAGE = YES_ERROR;
				CLANG_WARN_EMPTY_BODY = YES;
				CLANG_WARN_ENUM_CONVERSION = YES;
				CLANG_WARN_INT_CONVERSION = YES;
				CLANG_WARN_OBJC_ROOT_CLASS = YES_ERROR;
				CLANG_WARN__DUPLICATE_METHOD_MATCH = YES;
				"CODE_SIGN_IDENTITY[sdk=iphoneos*]" = "iPhone Developer";
				COPY_PHASE_STRIP = NO;
				GCC_C_LANGUAGE_STANDARD = gnu99;
				GCC_DYNAMIC_NO_PIC = NO;
				GCC_OPTIMIZATION_LEVEL = 0;
				GCC_PREPROCESSOR_DEFINITIONS = (
					"DEBUG=1",
					"$(inherited)",
				);
				GCC_SYMBOLS_PRIVATE_EXTERN = NO;
				GCC_WARN_64_TO_32_BIT_CONVERSION = YES;
				GCC_WARN_ABOUT_RETURN_TYPE = YES_ERROR;
				GCC_WARN_UNDECLARED_SELECTOR = YES;
				GCC_WARN_UNINITIALIZED_AUTOS = YES_AGGRESSIVE;
				GCC_WARN_UNUSED_FUNCTION = YES;
				GCC_WARN_UNUSED_VARIABLE = YES;
				IPHONEOS_DEPLOYMENT_TARGET = 7.1;
				ONLY_ACTIVE_ARCH = YES;
				SDKROOT = iphoneos;
			};
			name = Debug;
		};
		1C81CA3F199DE24100F20A06 /* Release */ = {
			isa = XCBuildConfiguration;
			buildSettings = {
				ALWAYS_SEARCH_USER_PATHS = NO;
				CLANG_CXX_LANGUAGE_STANDARD = "gnu++0x";
				CLANG_CXX_LIBRARY = "libc++";
				CLANG_ENABLE_MODULES = YES;
				CLANG_ENABLE_OBJC_ARC = YES;
				CLANG_WARN_BOOL_CONVERSION = YES;
				CLANG_WARN_CONSTANT_CONVERSION = YES;
				CLANG_WARN_DIRECT_OBJC_ISA_USAGE = YES_ERROR;
				CLANG_WARN_EMPTY_BODY = YES;
				CLANG_WARN_ENUM_CONVERSION = YES;
				CLANG_WARN_INT_CONVERSION = YES;
				CLANG_WARN_OBJC_ROOT_CLASS = YES_ERROR;
				CLANG_WARN__DUPLICATE_METHOD_MATCH = YES;
				"CODE_SIGN_IDENTITY[sdk=iphoneos*]" = "iPhone Developer";
				COPY_PHASE_STRIP = YES;
				ENABLE_NS_ASSERTIONS = NO;
				GCC_C_LANGUAGE_STANDARD = gnu99;
				GCC_WARN_64_TO_32_BIT_CONVERSION = YES;
				GCC_WARN_ABOUT_RETURN_TYPE = YES_ERROR;
				GCC_WARN_UNDECLARED_SELECTOR = YES;
				GCC_WARN_UNINITIALIZED_AUTOS = YES_AGGRESSIVE;
				GCC_WARN_UNUSED_FUNCTION = YES;
				GCC_WARN_UNUSED_VARIABLE = YES;
				IPHONEOS_DEPLOYMENT_TARGET = 7.1;
				SDKROOT = iphoneos;
				VALIDATE_PRODUCT = YES;
			};
			name = Release;
		};
		1C81CA41199DE24100F20A06 /* Debug */ = {
			isa = XCBuildConfiguration;
			baseConfigurationReference = 34617081A13544A7A9E8B376 /* Pods.xcconfig */;
			buildSettings = {
				ASSETCATALOG_COMPILER_APPICON_NAME = AppIcon;
				ASSETCATALOG_COMPILER_LAUNCHIMAGE_NAME = LaunchImage;
				GCC_PRECOMPILE_PREFIX_HEADER = YES;
				GCC_PREFIX_HEADER = "TestDemo/TestDemo-Prefix.pch";
				INFOPLIST_FILE = "TestDemo/TestDemo-Info.plist";
				PRODUCT_NAME = "$(TARGET_NAME)";
				WRAPPER_EXTENSION = app;
			};
			name = Debug;
		};
		1C81CA42199DE24100F20A06 /* Release */ = {
			isa = XCBuildConfiguration;
			baseConfigurationReference = 34617081A13544A7A9E8B376 /* Pods.xcconfig */;
			buildSettings = {
				ASSETCATALOG_COMPILER_APPICON_NAME = AppIcon;
				ASSETCATALOG_COMPILER_LAUNCHIMAGE_NAME = LaunchImage;
				GCC_PRECOMPILE_PREFIX_HEADER = YES;
				GCC_PREFIX_HEADER = "TestDemo/TestDemo-Prefix.pch";
				INFOPLIST_FILE = "TestDemo/TestDemo-Info.plist";
				PRODUCT_NAME = "$(TARGET_NAME)";
				WRAPPER_EXTENSION = app;
			};
			name = Release;
		};
		1C81CA44199DE24100F20A06 /* Debug */ = {
			isa = XCBuildConfiguration;
			buildSettings = {
				BUNDLE_LOADER = "$(BUILT_PRODUCTS_DIR)/TestDemo.app/TestDemo";
				FRAMEWORK_SEARCH_PATHS = (
					"$(SDKROOT)/Developer/Library/Frameworks",
					"$(inherited)",
					"$(DEVELOPER_FRAMEWORKS_DIR)",
				);
				GCC_PRECOMPILE_PREFIX_HEADER = YES;
				GCC_PREFIX_HEADER = "TestDemo/TestDemo-Prefix.pch";
				GCC_PREPROCESSOR_DEFINITIONS = (
					"DEBUG=1",
					"$(inherited)",
				);
				INFOPLIST_FILE = "TestDemoTests/TestDemoTests-Info.plist";
				PRODUCT_NAME = "$(TARGET_NAME)";
				TEST_HOST = "$(BUNDLE_LOADER)";
				WRAPPER_EXTENSION = xctest;
			};
			name = Debug;
		};
		1C81CA45199DE24100F20A06 /* Release */ = {
			isa = XCBuildConfiguration;
			buildSettings = {
				BUNDLE_LOADER = "$(BUILT_PRODUCTS_DIR)/TestDemo.app/TestDemo";
				FRAMEWORK_SEARCH_PATHS = (
					"$(SDKROOT)/Developer/Library/Frameworks",
					"$(inherited)",
					"$(DEVELOPER_FRAMEWORKS_DIR)",
				);
				GCC_PRECOMPILE_PREFIX_HEADER = YES;
				GCC_PREFIX_HEADER = "TestDemo/TestDemo-Prefix.pch";
				INFOPLIST_FILE = "TestDemoTests/TestDemoTests-Info.plist";
				PRODUCT_NAME = "$(TARGET_NAME)";
				TEST_HOST = "$(BUNDLE_LOADER)";
				WRAPPER_EXTENSION = xctest;
			};
			name = Release;
		};
/* End XCBuildConfiguration section */

/* Begin XCConfigurationList section */
		1C81CA09199DE24000F20A06 /* Build configuration list for PBXProject "TestDemo" */ = {
			isa = XCConfigurationList;
			buildConfigurations = (
				1C81CA3E199DE24100F20A06 /* Debug */,
				1C81CA3F199DE24100F20A06 /* Release */,
			);
			defaultConfigurationIsVisible = 0;
			defaultConfigurationName = Release;
		};
		1C81CA40199DE24100F20A06 /* Build configuration list for PBXNativeTarget "TestDemo" */ = {
			isa = XCConfigurationList;
			buildConfigurations = (
				1C81CA41199DE24100F20A06 /* Debug */,
				1C81CA42199DE24100F20A06 /* Release */,
			);
			defaultConfigurationIsVisible = 0;
			defaultConfigurationName = Release;
		};
		1C81CA43199DE24100F20A06 /* Build configuration list for PBXNativeTarget "TestDemoTests" */ = {
			isa = XCConfigurationList;
			buildConfigurations = (
				1C81CA44199DE24100F20A06 /* Debug */,
				1C81CA45199DE24100F20A06 /* Release */,
			);
			defaultConfigurationIsVisible = 0;
			defaultConfigurationName = Release;
		};
/* End XCConfigurationList section */
	};
	rootObject = 1C81CA06199DE24000F20A06 /* Project object */;
}
